
Microsoft Visual Studio Solution File, Format Version 12.00
# Visual Studio Version 16
VisualStudioVersion = 16.0.29806.167
MinimumVisualStudioVersion = 10.0.40219.1
Project("{8BC9CEB8-8B4A-11D0-8D11-00A0C91BC942}") = "Lab7SprichC++", "Lab7SprichC++\Lab7SprichC++.vcxproj", "{AA2EF044-3A10-4DE5-AAAB-3F58C646201D}"
EndProject
Global
	GlobalSection(SolutionConfigurationPlatforms) = preSolution
		Debug|x64 = Debug|x64
		Debug|x86 = Debug|x86
		Release|x64 = Release|x64
		Release|x86 = Release|x86
	EndGlobalSection
	GlobalSection(ProjectConfigurationPlatforms) = postSolution
		{AA2EF044-3A10-4DE5-AAAB-3F58C646201D}.Debug|x64.ActiveCfg = Debug|x64
		{AA2EF044-3A10-4DE5-AAAB-3F58C646201D}.Debug|x64.Build.0 = Debug|x64
		{AA2EF044-3A10-4DE5-AAAB-3F58C646201D}.Debug|x86.ActiveCfg = Debug|Win32
		{AA2EF044-3A10-4DE5-AAAB-3F58C646201D}.Debug|x86.Build.0 = Debug|Win32
		{AA2EF044-3A10-4DE5-AAAB-3F58C646201D}.Release|x64.ActiveCfg = Release|x64
		{AA2EF044-3A10-4DE5-AAAB-3F58C646201D}.Release|x64.Build.0 = Release|x64
		{AA2EF044-3A10-4DE5-AAAB-3F58C646201D}.Release|x86.ActiveCfg = Release|Win32
		{AA2EF044-3A10-4DE5-AAAB-3F58C646201D}.Release|x86.Build.0 = Release|Win32
	EndGlobalSection
	GlobalSection(SolutionProperties) = preSolution
		HideSolutionNode = FALSE
	EndGlobalSection
	GlobalSection(ExtensibilityGlobals) = postSolution
		SolutionGuid = {7B011A74-AE80-4DF2-B0FC-B12020E50D86}
	EndGlobalSection
EndGlobal
